
Microsoft Visual Studio Solution File, Format Version 12.00
# Visual Studio 2012
VisualStudioVersion = 14.0.25123.0
MinimumVisualStudioVersion = 10.0.40219.1
Project("{FAE04EC0-301F-11D3-BF4B-00C04F79EFBC}") = "MusicNotesCodeTest.Droid", "MusicNotesCodeTest\MusicNotesCodeTest.Droid\MusicNotesCodeTest.Droid.csproj", "{918F39DA-00B4-4A87-8204-C67EE426DBA4}"
EndProject
Project("{FAE04EC0-301F-11D3-BF4B-00C04F79EFBC}") = "MusicNotesCodeTest.iOS", "MusicNotesCodeTest\MusicNotesCodeTest.iOS\MusicNotesCodeTest.iOS.csproj", "{B985B527-2E74-4D7E-9994-28C15ECD586E}"
EndProject
Project("{FAE04EC0-301F-11D3-BF4B-00C04F79EFBC}") = "MusicNotesCodeTest.WinPhone", "MusicNotesCodeTest\MusicNotesCodeTest.WinPhone\MusicNotesCodeTest.WinPhone.csproj", "{4CFE10D6-6512-4077-AE9E-4E198D593C25}"
EndProject
Project("{FAE04EC0-301F-11D3-BF4B-00C04F79EFBC}") = "MusicNotesCodeTest.UWP", "MusicNotesCodeTest\MusicNotesCodeTest.UWP\MusicNotesCodeTest.UWP.csproj", "{2EE04587-F542-4B0D-9BCB-891765FDF3E0}"
EndProject
Project("{FAE04EC0-301F-11D3-BF4B-00C04F79EFBC}") = "MusicNotesCodeTest.Windows", "MusicNotesCodeTest\MusicNotesCodeTest.Windows\MusicNotesCodeTest.Windows.csproj", "{1CB9AA11-0C30-498A-84B7-55FEEE9535CB}"
EndProject
Project("{FAE04EC0-301F-11D3-BF4B-00C04F79EFBC}") = "MusicNotesCodeTest", "MusicNotesCodeTest\MusicNotesCodeTest\MusicNotesCodeTest.csproj", "{EE96068C-BD05-4B5C-AD47-5873886A9FEF}"
EndProject
Global
	GlobalSection(SolutionConfigurationPlatforms) = preSolution
		Ad-Hoc|Any CPU = Ad-Hoc|Any CPU
		Ad-Hoc|ARM = Ad-Hoc|ARM
		Ad-Hoc|iPhone = Ad-Hoc|iPhone
		Ad-Hoc|iPhoneSimulator = Ad-Hoc|iPhoneSimulator
		Ad-Hoc|x64 = Ad-Hoc|x64
		Ad-Hoc|x86 = Ad-Hoc|x86
		AppStore|Any CPU = AppStore|Any CPU
		AppStore|ARM = AppStore|ARM
		AppStore|iPhone = AppStore|iPhone
		AppStore|iPhoneSimulator = AppStore|iPhoneSimulator
		AppStore|x64 = AppStore|x64
		AppStore|x86 = AppStore|x86
		Debug|Any CPU = Debug|Any CPU
		Debug|ARM = Debug|ARM
		Debug|iPhone = Debug|iPhone
		Debug|iPhoneSimulator = Debug|iPhoneSimulator
		Debug|x64 = Debug|x64
		Debug|x86 = Debug|x86
		Release|Any CPU = Release|Any CPU
		Release|ARM = Release|ARM
		Release|iPhone = Release|iPhone
		Release|iPhoneSimulator = Release|iPhoneSimulator
		Release|x64 = Release|x64
		Release|x86 = Release|x86
	EndGlobalSection
	GlobalSection(ProjectConfigurationPlatforms) = postSolution
		{1CB9AA11-0C30-498A-84B7-55FEEE9535CB}.Ad-Hoc|Any CPU.ActiveCfg = Release|Any CPU
		{1CB9AA11-0C30-498A-84B7-55FEEE9535CB}.Ad-Hoc|Any CPU.Build.0 = Release|Any CPU
		{1CB9AA11-0C30-498A-84B7-55FEEE9535CB}.Ad-Hoc|Any CPU.Deploy.0 = Release|Any CPU
		{1CB9AA11-0C30-498A-84B7-55FEEE9535CB}.Ad-Hoc|ARM.ActiveCfg = Release|ARM
		{1CB9AA11-0C30-498A-84B7-55FEEE9535CB}.Ad-Hoc|ARM.Build.0 = Release|ARM
		{1CB9AA11-0C30-498A-84B7-55FEEE9535CB}.Ad-Hoc|ARM.Deploy.0 = Release|ARM
		{1CB9AA11-0C30-498A-84B7-55FEEE9535CB}.Ad-Hoc|iPhone.ActiveCfg = Release|Any CPU
		{1CB9AA11-0C30-498A-84B7-55FEEE9535CB}.Ad-Hoc|iPhone.Build.0 = Release|Any CPU
		{1CB9AA11-0C30-498A-84B7-55FEEE9535CB}.Ad-Hoc|iPhone.Deploy.0 = Release|Any CPU
		{1CB9AA11-0C30-498A-84B7-55FEEE9535CB}.Ad-Hoc|iPhoneSimulator.ActiveCfg = Release|Any CPU
		{1CB9AA11-0C30-498A-84B7-55FEEE9535CB}.Ad-Hoc|iPhoneSimulator.Build.0 = Release|Any CPU
		{1CB9AA11-0C30-498A-84B7-55FEEE9535CB}.Ad-Hoc|iPhoneSimulator.Deploy.0 = Release|Any CPU
		{1CB9AA11-0C30-498A-84B7-55FEEE9535CB}.Ad-Hoc|x64.ActiveCfg = Release|x64
		{1CB9AA11-0C30-498A-84B7-55FEEE9535CB}.Ad-Hoc|x64.Build.0 = Release|x64
		{1CB9AA11-0C30-498A-84B7-55FEEE9535CB}.Ad-Hoc|x64.Deploy.0 = Release|x64
		{1CB9AA11-0C30-498A-84B7-55FEEE9535CB}.Ad-Hoc|x86.ActiveCfg = Release|x86
		{1CB9AA11-0C30-498A-84B7-55FEEE9535CB}.Ad-Hoc|x86.Build.0 = Release|x86
		{1CB9AA11-0C30-498A-84B7-55FEEE9535CB}.Ad-Hoc|x86.Deploy.0 = Release|x86
		{1CB9AA11-0C30-498A-84B7-55FEEE9535CB}.AppStore|Any CPU.ActiveCfg = Release|Any CPU
		{1CB9AA11-0C30-498A-84B7-55FEEE9535CB}.AppStore|Any CPU.Build.0 = Release|Any CPU
		{1CB9AA11-0C30-498A-84B7-55FEEE9535CB}.AppStore|Any CPU.Deploy.0 = Release|Any CPU
		{1CB9AA11-0C30-498A-84B7-55FEEE9535CB}.AppStore|ARM.ActiveCfg = Release|ARM
		{1CB9AA11-0C30-498A-84B7-55FEEE9535CB}.AppStore|ARM.Build.0 = Release|ARM
		{1CB9AA11-0C30-498A-84B7-55FEEE9535CB}.AppStore|ARM.Deploy.0 = Release|ARM
		{1CB9AA11-0C30-498A-84B7-55FEEE9535CB}.AppStore|iPhone.ActiveCfg = Release|Any CPU
		{1CB9AA11-0C30-498A-84B7-55FEEE9535CB}.AppStore|iPhone.Build.0 = Release|Any CPU
		{1CB9AA11-0C30-498A-84B7-55FEEE9535CB}.AppStore|iPhone.Deploy.0 = Release|Any CPU
		{1CB9AA11-0C30-498A-84B7-55FEEE9535CB}.AppStore|iPhoneSimulator.ActiveCfg = Release|Any CPU
		{1CB9AA11-0C30-498A-84B7-55FEEE9535CB}.AppStore|iPhoneSimulator.Build.0 = Release|Any CPU
		{1CB9AA11-0C30-498A-84B7-55FEEE9535CB}.AppStore|iPhoneSimulator.Deploy.0 = Release|Any CPU
		{1CB9AA11-0C30-498A-84B7-55FEEE9535CB}.AppStore|x64.ActiveCfg = Release|x64
		{1CB9AA11-0C30-498A-84B7-55FEEE9535CB}.AppStore|x64.Build.0 = Release|x64
		{1CB9AA11-0C30-498A-84B7-55FEEE9535CB}.AppStore|x64.Deploy.0 = Release|x64
		{1CB9AA11-0C30-498A-84B7-55FEEE9535CB}.AppStore|x86.ActiveCfg = Release|x86
		{1CB9AA11-0C30-498A-84B7-55FEEE9535CB}.AppStore|x86.Build.0 = Release|x86
		{1CB9AA11-0C30-498A-84B7-55FEEE9535CB}.AppStore|x86.Deploy.0 = Release|x86
		{1CB9AA11-0C30-498A-84B7-55FEEE9535CB}.Debug|Any CPU.ActiveCfg = Debug|Any CPU
		{1CB9AA11-0C30-498A-84B7-55FEEE9535CB}.Debug|Any CPU.Build.0 = Debug|Any CPU
		{1CB9AA11-0C30-498A-84B7-55FEEE9535CB}.Debug|Any CPU.Deploy.0 = Debug|Any CPU
		{1CB9AA11-0C30-498A-84B7-55FEEE9535CB}.Debug|ARM.ActiveCfg = Debug|ARM
		{1CB9AA11-0C30-498A-84B7-55FEEE9535CB}.Debug|ARM.Build.0 = Debug|ARM
		{1CB9AA11-0C30-498A-84B7-55FEEE9535CB}.Debug|ARM.Deploy.0 = Debug|ARM
		{1CB9AA11-0C30-498A-84B7-55FEEE9535CB}.Debug|iPhone.ActiveCfg = Debug|Any CPU
		{1CB9AA11-0C30-498A-84B7-55FEEE9535CB}.Debug|iPhone.Build.0 = Debug|Any CPU
		{1CB9AA11-0C30-498A-84B7-55FEEE9535CB}.Debug|iPhone.Deploy.0 = Debug|Any CPU
		{1CB9AA11-0C30-498A-84B7-55FEEE9535CB}.Debug|iPhoneSimulator.ActiveCfg = Debug|Any CPU
		{1CB9AA11-0C30-498A-84B7-55FEEE9535CB}.Debug|iPhoneSimulator.Build.0 = Debug|Any CPU
		{1CB9AA11-0C30-498A-84B7-55FEEE9535CB}.Debug|iPhoneSimulator.Deploy.0 = Debug|Any CPU
		{1CB9AA11-0C30-498A-84B7-55FEEE9535CB}.Debug|x64.ActiveCfg = Debug|x64
		{1CB9AA11-0C30-498A-84B7-55FEEE9535CB}.Debug|x64.Build.0 = Debug|x64
		{1CB9AA11-0C30-498A-84B7-55FEEE9535CB}.Debug|x64.Deploy.0 = Debug|x64
		{1CB9AA11-0C30-498A-84B7-55FEEE9535CB}.Debug|x86.ActiveCfg = Debug|x86
		{1CB9AA11-0C30-498A-84B7-55FEEE9535CB}.Debug|x86.Build.0 = Debug|x86
		{1CB9AA11-0C30-498A-84B7-55FEEE9535CB}.Debug|x86.Deploy.0 = Debug|x86
		{1CB9AA11-0C30-498A-84B7-55FEEE9535CB}.Release|Any CPU.ActiveCfg = Release|Any CPU
		{1CB9AA11-0C30-498A-84B7-55FEEE9535CB}.Release|Any CPU.Build.0 = Release|Any CPU
		{1CB9AA11-0C30-498A-84B7-55FEEE9535CB}.Release|Any CPU.Deploy.0 = Release|Any CPU
		{1CB9AA11-0C30-498A-84B7-55FEEE9535CB}.Release|ARM.ActiveCfg = Release|ARM
		{1CB9AA11-0C30-498A-84B7-55FEEE9535CB}.Release|ARM.Build.0 = Release|ARM
		{1CB9AA11-0C30-498A-84B7-55FEEE9535CB}.Release|ARM.Deploy.0 = Release|ARM
		{1CB9AA11-0C30-498A-84B7-55FEEE9535CB}.Release|iPhone.ActiveCfg = Release|Any CPU
		{1CB9AA11-0C30-498A-84B7-55FEEE9535CB}.Release|iPhone.Build.0 = Release|Any CPU
		{1CB9AA11-0C30-498A-84B7-55FEEE9535CB}.Release|iPhone.Deploy.0 = Release|Any CPU
		{1CB9AA11-0C30-498A-84B7-55FEEE9535CB}.Release|iPhoneSimulator.ActiveCfg = Release|Any CPU
		{1CB9AA11-0C30-498A-84B7-55FEEE9535CB}.Release|iPhoneSimulator.Build.0 = Release|Any CPU
		{1CB9AA11-0C30-498A-84B7-55FEEE9535CB}.Release|iPhoneSimulator.Deploy.0 = Release|Any CPU
		{1CB9AA11-0C30-498A-84B7-55FEEE9535CB}.Release|x64.ActiveCfg = Release|x64
		{1CB9AA11-0C30-498A-84B7-55FEEE9535CB}.Release|x64.Build.0 = Release|x64
		{1CB9AA11-0C30-498A-84B7-55FEEE9535CB}.Release|x64.Deploy.0 = Release|x64
		{1CB9AA11-0C30-498A-84B7-55FEEE9535CB}.Release|x86.ActiveCfg = Release|x86
		{1CB9AA11-0C30-498A-84B7-55FEEE9535CB}.Release|x86.Build.0 = Release|x86
		{1CB9AA11-0C30-498A-84B7-55FEEE9535CB}.Release|x86.Deploy.0 = Release|x86
		{2EE04587-F542-4B0D-9BCB-891765FDF3E0}.Ad-Hoc|Any CPU.ActiveCfg = Release|x86
		{2EE04587-F542-4B0D-9BCB-891765FDF3E0}.Ad-Hoc|Any CPU.Build.0 = Release|x86
		{2EE04587-F542-4B0D-9BCB-891765FDF3E0}.Ad-Hoc|Any CPU.Deploy.0 = Release|x86
		{2EE04587-F542-4B0D-9BCB-891765FDF3E0}.Ad-Hoc|ARM.ActiveCfg = Release|ARM
		{2EE04587-F542-4B0D-9BCB-891765FDF3E0}.Ad-Hoc|ARM.Build.0 = Release|ARM
		{2EE04587-F542-4B0D-9BCB-891765FDF3E0}.Ad-Hoc|ARM.Deploy.0 = Release|ARM
		{2EE04587-F542-4B0D-9BCB-891765FDF3E0}.Ad-Hoc|iPhone.ActiveCfg = Release|x86
		{2EE04587-F542-4B0D-9BCB-891765FDF3E0}.Ad-Hoc|iPhone.Build.0 = Release|x86
		{2EE04587-F542-4B0D-9BCB-891765FDF3E0}.Ad-Hoc|iPhone.Deploy.0 = Release|x86
		{2EE04587-F542-4B0D-9BCB-891765FDF3E0}.Ad-Hoc|iPhoneSimulator.ActiveCfg = Release|x86
		{2EE04587-F542-4B0D-9BCB-891765FDF3E0}.Ad-Hoc|iPhoneSimulator.Build.0 = Release|x86
		{2EE04587-F542-4B0D-9BCB-891765FDF3E0}.Ad-Hoc|iPhoneSimulator.Deploy.0 = Release|x86
		{2EE04587-F542-4B0D-9BCB-891765FDF3E0}.Ad-Hoc|x64.ActiveCfg = Release|x64
		{2EE04587-F542-4B0D-9BCB-891765FDF3E0}.Ad-Hoc|x64.Build.0 = Release|x64
		{2EE04587-F542-4B0D-9BCB-891765FDF3E0}.Ad-Hoc|x64.Deploy.0 = Release|x64
		{2EE04587-F542-4B0D-9BCB-891765FDF3E0}.Ad-Hoc|x86.ActiveCfg = Release|x86
		{2EE04587-F542-4B0D-9BCB-891765FDF3E0}.Ad-Hoc|x86.Build.0 = Release|x86
		{2EE04587-F542-4B0D-9BCB-891765FDF3E0}.Ad-Hoc|x86.Deploy.0 = Release|x86
		{2EE04587-F542-4B0D-9BCB-891765FDF3E0}.AppStore|Any CPU.ActiveCfg = Release|x86
		{2EE04587-F542-4B0D-9BCB-891765FDF3E0}.AppStore|Any CPU.Build.0 = Release|x86
		{2EE04587-F542-4B0D-9BCB-891765FDF3E0}.AppStore|Any CPU.Deploy.0 = Release|x86
		{2EE04587-F542-4B0D-9BCB-891765FDF3E0}.AppStore|ARM.ActiveCfg = Release|ARM
		{2EE04587-F542-4B0D-9BCB-891765FDF3E0}.AppStore|ARM.Build.0 = Release|ARM
		{2EE04587-F542-4B0D-9BCB-891765FDF3E0}.AppStore|ARM.Deploy.0 = Release|ARM
		{2EE04587-F542-4B0D-9BCB-891765FDF3E0}.AppStore|iPhone.ActiveCfg = Release|x86
		{2EE04587-F542-4B0D-9BCB-891765FDF3E0}.AppStore|iPhone.Build.0 = Release|x86
		{2EE04587-F542-4B0D-9BCB-891765FDF3E0}.AppStore|iPhone.Deploy.0 = Release|x86
		{2EE04587-F542-4B0D-9BCB-891765FDF3E0}.AppStore|iPhoneSimulator.ActiveCfg = Release|x86
		{2EE04587-F542-4B0D-9BCB-891765FDF3E0}.AppStore|iPhoneSimulator.Build.0 = Release|x86
		{2EE04587-F542-4B0D-9BCB-891765FDF3E0}.AppStore|iPhoneSimulator.Deploy.0 = Release|x86
		{2EE04587-F542-4B0D-9BCB-891765FDF3E0}.AppStore|x64.ActiveCfg = Release|x64
		{2EE04587-F542-4B0D-9BCB-891765FDF3E0}.AppStore|x64.Build.0 = Release|x64
		{2EE04587-F542-4B0D-9BCB-891765FDF3E0}.AppStore|x64.Deploy.0 = Release|x64
		{2EE04587-F542-4B0D-9BCB-891765FDF3E0}.AppStore|x86.ActiveCfg = Release|x86
		{2EE04587-F542-4B0D-9BCB-891765FDF3E0}.AppStore|x86.Build.0 = Release|x86
		{2EE04587-F542-4B0D-9BCB-891765FDF3E0}.AppStore|x86.Deploy.0 = Release|x86
		{2EE04587-F542-4B0D-9BCB-891765FDF3E0}.Debug|Any CPU.ActiveCfg = Debug|x86
		{2EE04587-F542-4B0D-9BCB-891765FDF3E0}.Debug|ARM.ActiveCfg = Debug|ARM
		{2EE04587-F542-4B0D-9BCB-891765FDF3E0}.Debug|ARM.Build.0 = Debug|ARM
		{2EE04587-F542-4B0D-9BCB-891765FDF3E0}.Debug|ARM.Deploy.0 = Debug|ARM
		{2EE04587-F542-4B0D-9BCB-891765FDF3E0}.Debug|iPhone.ActiveCfg = Debug|x86
		{2EE04587-F542-4B0D-9BCB-891765FDF3E0}.Debug|iPhoneSimulator.ActiveCfg = Debug|x86
		{2EE04587-F542-4B0D-9BCB-891765FDF3E0}.Debug|x64.ActiveCfg = Debug|x64
		{2EE04587-F542-4B0D-9BCB-891765FDF3E0}.Debug|x64.Build.0 = Debug|x64
		{2EE04587-F542-4B0D-9BCB-891765FDF3E0}.Debug|x64.Deploy.0 = Debug|x64
		{2EE04587-F542-4B0D-9BCB-891765FDF3E0}.Debug|x86.ActiveCfg = Debug|x86
		{2EE04587-F542-4B0D-9BCB-891765FDF3E0}.Debug|x86.Build.0 = Debug|x86
		{2EE04587-F542-4B0D-9BCB-891765FDF3E0}.Debug|x86.Deploy.0 = Debug|x86
		{2EE04587-F542-4B0D-9BCB-891765FDF3E0}.Release|Any CPU.ActiveCfg = Release|x86
		{2EE04587-F542-4B0D-9BCB-891765FDF3E0}.Release|ARM.ActiveCfg = Release|ARM
		{2EE04587-F542-4B0D-9BCB-891765FDF3E0}.Release|ARM.Build.0 = Release|ARM
		{2EE04587-F542-4B0D-9BCB-891765FDF3E0}.Release|ARM.Deploy.0 = Release|ARM
		{2EE04587-F542-4B0D-9BCB-891765FDF3E0}.Release|iPhone.ActiveCfg = Release|x86
		{2EE04587-F542-4B0D-9BCB-891765FDF3E0}.Release|iPhoneSimulator.ActiveCfg = Release|x86
		{2EE04587-F542-4B0D-9BCB-891765FDF3E0}.Release|x64.ActiveCfg = Release|x64
		{2EE04587-F542-4B0D-9BCB-891765FDF3E0}.Release|x64.Build.0 = Release|x64
		{2EE04587-F542-4B0D-9BCB-891765FDF3E0}.Release|x64.Deploy.0 = Release|x64
		{2EE04587-F542-4B0D-9BCB-891765FDF3E0}.Release|x86.ActiveCfg = Release|x86
		{2EE04587-F542-4B0D-9BCB-891765FDF3E0}.Release|x86.Build.0 = Release|x86
		{2EE04587-F542-4B0D-9BCB-891765FDF3E0}.Release|x86.Deploy.0 = Release|x86
		{4CFE10D6-6512-4077-AE9E-4E198D593C25}.Ad-Hoc|Any CPU.ActiveCfg = Release|Any CPU
		{4CFE10D6-6512-4077-AE9E-4E198D593C25}.Ad-Hoc|Any CPU.Build.0 = Release|Any CPU
		{4CFE10D6-6512-4077-AE9E-4E198D593C25}.Ad-Hoc|Any CPU.Deploy.0 = Release|Any CPU
		{4CFE10D6-6512-4077-AE9E-4E198D593C25}.Ad-Hoc|ARM.ActiveCfg = Release|ARM
		{4CFE10D6-6512-4077-AE9E-4E198D593C25}.Ad-Hoc|ARM.Build.0 = Release|ARM
		{4CFE10D6-6512-4077-AE9E-4E198D593C25}.Ad-Hoc|ARM.Deploy.0 = Release|ARM
		{4CFE10D6-6512-4077-AE9E-4E198D593C25}.Ad-Hoc|iPhone.ActiveCfg = Release|Any CPU
		{4CFE10D6-6512-4077-AE9E-4E198D593C25}.Ad-Hoc|iPhone.Build.0 = Release|Any CPU
		{4CFE10D6-6512-4077-AE9E-4E198D593C25}.Ad-Hoc|iPhone.Deploy.0 = Release|Any CPU
		{4CFE10D6-6512-4077-AE9E-4E198D593C25}.Ad-Hoc|iPhoneSimulator.ActiveCfg = Release|Any CPU
		{4CFE10D6-6512-4077-AE9E-4E198D593C25}.Ad-Hoc|iPhoneSimulator.Build.0 = Release|Any CPU
		{4CFE10D6-6512-4077-AE9E-4E198D593C25}.Ad-Hoc|iPhoneSimulator.Deploy.0 = Release|Any CPU
		{4CFE10D6-6512-4077-AE9E-4E198D593C25}.Ad-Hoc|x64.ActiveCfg = Release|Any CPU
		{4CFE10D6-6512-4077-AE9E-4E198D593C25}.Ad-Hoc|x64.Build.0 = Release|Any CPU
		{4CFE10D6-6512-4077-AE9E-4E198D593C25}.Ad-Hoc|x64.Deploy.0 = Release|Any CPU
		{4CFE10D6-6512-4077-AE9E-4E198D593C25}.Ad-Hoc|x86.ActiveCfg = Release|x86
		{4CFE10D6-6512-4077-AE9E-4E198D593C25}.Ad-Hoc|x86.Build.0 = Release|x86
		{4CFE10D6-6512-4077-AE9E-4E198D593C25}.Ad-Hoc|x86.Deploy.0 = Release|x86
		{4CFE10D6-6512-4077-AE9E-4E198D593C25}.AppStore|Any CPU.ActiveCfg = Release|Any CPU
		{4CFE10D6-6512-4077-AE9E-4E198D593C25}.AppStore|Any CPU.Build.0 = Release|Any CPU
		{4CFE10D6-6512-4077-AE9E-4E198D593C25}.AppStore|Any CPU.Deploy.0 = Release|Any CPU
		{4CFE10D6-6512-4077-AE9E-4E198D593C25}.AppStore|ARM.ActiveCfg = Release|ARM
		{4CFE10D6-6512-4077-AE9E-4E198D593C25}.AppStore|ARM.Build.0 = Release|ARM
		{4CFE10D6-6512-4077-AE9E-4E198D593C25}.AppStore|ARM.Deploy.0 = Release|ARM
		{4CFE10D6-6512-4077-AE9E-4E198D593C25}.AppStore|iPhone.ActiveCfg = Release|Any CPU
		{4CFE10D6-6512-4077-AE9E-4E198D593C25}.AppStore|iPhone.Build.0 = Release|Any CPU
		{4CFE10D6-6512-4077-AE9E-4E198D593C25}.AppStore|iPhone.Deploy.0 = Release|Any CPU
		{4CFE10D6-6512-4077-AE9E-4E198D593C25}.AppStore|iPhoneSimulator.ActiveCfg = Release|Any CPU
		{4CFE10D6-6512-4077-AE9E-4E198D593C25}.AppStore|iPhoneSimulator.Build.0 = Release|Any CPU
		{4CFE10D6-6512-4077-AE9E-4E198D593C25}.AppStore|iPhoneSimulator.Deploy.0 = Release|Any CPU
		{4CFE10D6-6512-4077-AE9E-4E198D593C25}.AppStore|x64.ActiveCfg = Release|Any CPU
		{4CFE10D6-6512-4077-AE9E-4E198D593C25}.AppStore|x64.Build.0 = Release|Any CPU
		{4CFE10D6-6512-4077-AE9E-4E198D593C25}.AppStore|x64.Deploy.0 = Release|Any CPU
		{4CFE10D6-6512-4077-AE9E-4E198D593C25}.AppStore|x86.ActiveCfg = Release|x86
		{4CFE10D6-6512-4077-AE9E-4E198D593C25}.AppStore|x86.Build.0 = Release|x86
		{4CFE10D6-6512-4077-AE9E-4E198D593C25}.AppStore|x86.Deploy.0 = Release|x86
		{4CFE10D6-6512-4077-AE9E-4E198D593C25}.Debug|Any CPU.ActiveCfg = Debug|Any CPU
		{4CFE10D6-6512-4077-AE9E-4E198D593C25}.Debug|Any CPU.Build.0 = Debug|Any CPU
		{4CFE10D6-6512-4077-AE9E-4E198D593C25}.Debug|Any CPU.Deploy.0 = Debug|Any CPU
		{4CFE10D6-6512-4077-AE9E-4E198D593C25}.Debug|ARM.ActiveCfg = Debug|ARM
		{4CFE10D6-6512-4077-AE9E-4E198D593C25}.Debug|ARM.Build.0 = Debug|ARM
		{4CFE10D6-6512-4077-AE9E-4E198D593C25}.Debug|ARM.Deploy.0 = Debug|ARM
		{4CFE10D6-6512-4077-AE9E-4E198D593C25}.Debug|iPhone.ActiveCfg = Debug|Any CPU
		{4CFE10D6-6512-4077-AE9E-4E198D593C25}.Debug|iPhone.Build.0 = Debug|Any CPU
		{4CFE10D6-6512-4077-AE9E-4E198D593C25}.Debug|iPhone.Deploy.0 = Debug|Any CPU
		{4CFE10D6-6512-4077-AE9E-4E198D593C25}.Debug|iPhoneSimulator.ActiveCfg = Debug|Any CPU
		{4CFE10D6-6512-4077-AE9E-4E198D593C25}.Debug|iPhoneSimulator.Build.0 = Debug|Any CPU
		{4CFE10D6-6512-4077-AE9E-4E198D593C25}.Debug|iPhoneSimulator.Deploy.0 = Debug|Any CPU
		{4CFE10D6-6512-4077-AE9E-4E198D593C25}.Debug|x64.ActiveCfg = Debug|Any CPU
		{4CFE10D6-6512-4077-AE9E-4E198D593C25}.Debug|x64.Build.0 = Debug|Any CPU
		{4CFE10D6-6512-4077-AE9E-4E198D593C25}.Debug|x64.Deploy.0 = Debug|Any CPU
		{4CFE10D6-6512-4077-AE9E-4E198D593C25}.Debug|x86.ActiveCfg = Debug|x86
		{4CFE10D6-6512-4077-AE9E-4E198D593C25}.Debug|x86.Build.0 = Debug|x86
		{4CFE10D6-6512-4077-AE9E-4E198D593C25}.Debug|x86.Deploy.0 = Debug|x86
		{4CFE10D6-6512-4077-AE9E-4E198D593C25}.Release|Any CPU.ActiveCfg = Release|Any CPU
		{4CFE10D6-6512-4077-AE9E-4E198D593C25}.Release|Any CPU.Build.0 = Release|Any CPU
		{4CFE10D6-6512-4077-AE9E-4E198D593C25}.Release|Any CPU.Deploy.0 = Release|Any CPU
		{4CFE10D6-6512-4077-AE9E-4E198D593C25}.Release|ARM.ActiveCfg = Release|ARM
		{4CFE10D6-6512-4077-AE9E-4E198D593C25}.Release|ARM.Build.0 = Release|ARM
		{4CFE10D6-6512-4077-AE9E-4E198D593C25}.Release|ARM.Deploy.0 = Release|ARM
		{4CFE10D6-6512-4077-AE9E-4E198D593C25}.Release|iPhone.ActiveCfg = Release|Any CPU
		{4CFE10D6-6512-4077-AE9E-4E198D593C25}.Release|iPhone.Build.0 = Release|Any CPU
		{4CFE10D6-6512-4077-AE9E-4E198D593C25}.Release|iPhone.Deploy.0 = Release|Any CPU
		{4CFE10D6-6512-4077-AE9E-4E198D593C25}.Release|iPhoneSimulator.ActiveCfg = Release|Any CPU
		{4CFE10D6-6512-4077-AE9E-4E198D593C25}.Release|iPhoneSimulator.Build.0 = Release|Any CPU
		{4CFE10D6-6512-4077-AE9E-4E198D593C25}.Release|iPhoneSimulator.Deploy.0 = Release|Any CPU
		{4CFE10D6-6512-4077-AE9E-4E198D593C25}.Release|x64.ActiveCfg = Release|Any CPU
		{4CFE10D6-6512-4077-AE9E-4E198D593C25}.Release|x64.Build.0 = Release|Any CPU
		{4CFE10D6-6512-4077-AE9E-4E198D593C25}.Release|x64.Deploy.0 = Release|Any CPU
		{4CFE10D6-6512-4077-AE9E-4E198D593C25}.Release|x86.ActiveCfg = Release|x86
		{4CFE10D6-6512-4077-AE9E-4E198D593C25}.Release|x86.Build.0 = Release|x86
		{4CFE10D6-6512-4077-AE9E-4E198D593C25}.Release|x86.Deploy.0 = Release|x86
		{918F39DA-00B4-4A87-8204-C67EE426DBA4}.Ad-Hoc|Any CPU.ActiveCfg = Release|Any CPU
		{918F39DA-00B4-4A87-8204-C67EE426DBA4}.Ad-Hoc|Any CPU.Build.0 = Release|Any CPU
		{918F39DA-00B4-4A87-8204-C67EE426DBA4}.Ad-Hoc|Any CPU.Deploy.0 = Release|Any CPU
		{918F39DA-00B4-4A87-8204-C67EE426DBA4}.Ad-Hoc|ARM.ActiveCfg = Release|Any CPU
		{918F39DA-00B4-4A87-8204-C67EE426DBA4}.Ad-Hoc|ARM.Build.0 = Release|Any CPU
		{918F39DA-00B4-4A87-8204-C67EE426DBA4}.Ad-Hoc|ARM.Deploy.0 = Release|Any CPU
		{918F39DA-00B4-4A87-8204-C67EE426DBA4}.Ad-Hoc|iPhone.ActiveCfg = Release|Any CPU
		{918F39DA-00B4-4A87-8204-C67EE426DBA4}.Ad-Hoc|iPhone.Build.0 = Release|Any CPU
		{918F39DA-00B4-4A87-8204-C67EE426DBA4}.Ad-Hoc|iPhone.Deploy.0 = Release|Any CPU
		{918F39DA-00B4-4A87-8204-C67EE426DBA4}.Ad-Hoc|iPhoneSimulator.ActiveCfg = Release|Any CPU
		{918F39DA-00B4-4A87-8204-C67EE426DBA4}.Ad-Hoc|iPhoneSimulator.Build.0 = Release|Any CPU
		{918F39DA-00B4-4A87-8204-C67EE426DBA4}.Ad-Hoc|iPhoneSimulator.Deploy.0 = Release|Any CPU
		{918F39DA-00B4-4A87-8204-C67EE426DBA4}.Ad-Hoc|x64.ActiveCfg = Release|Any CPU
		{918F39DA-00B4-4A87-8204-C67EE426DBA4}.Ad-Hoc|x64.Build.0 = Release|Any CPU
		{918F39DA-00B4-4A87-8204-C67EE426DBA4}.Ad-Hoc|x64.Deploy.0 = Release|Any CPU
		{918F39DA-00B4-4A87-8204-C67EE426DBA4}.Ad-Hoc|x86.ActiveCfg = Release|Any CPU
		{918F39DA-00B4-4A87-8204-C67EE426DBA4}.Ad-Hoc|x86.Build.0 = Release|Any CPU
		{918F39DA-00B4-4A87-8204-C67EE426DBA4}.Ad-Hoc|x86.Deploy.0 = Release|Any CPU
		{918F39DA-00B4-4A87-8204-C67EE426DBA4}.AppStore|Any CPU.ActiveCfg = Release|Any CPU
		{918F39DA-00B4-4A87-8204-C67EE426DBA4}.AppStore|Any CPU.Build.0 = Release|Any CPU
		{918F39DA-00B4-4A87-8204-C67EE426DBA4}.AppStore|Any CPU.Deploy.0 = Release|Any CPU
		{918F39DA-00B4-4A87-8204-C67EE426DBA4}.AppStore|ARM.ActiveCfg = Release|Any CPU
		{918F39DA-00B4-4A87-8204-C67EE426DBA4}.AppStore|ARM.Build.0 = Release|Any CPU
		{918F39DA-00B4-4A87-8204-C67EE426DBA4}.AppStore|ARM.Deploy.0 = Release|Any CPU
		{918F39DA-00B4-4A87-8204-C67EE426DBA4}.AppStore|iPhone.ActiveCfg = Release|Any CPU
		{918F39DA-00B4-4A87-8204-C67EE426DBA4}.AppStore|iPhone.Build.0 = Release|Any CPU
		{918F39DA-00B4-4A87-8204-C67EE426DBA4}.AppStore|iPhone.Deploy.0 = Release|Any CPU
		{918F39DA-00B4-4A87-8204-C67EE426DBA4}.AppStore|iPhoneSimulator.ActiveCfg = Release|Any CPU
		{918F39DA-00B4-4A87-8204-C67EE426DBA4}.AppStore|iPhoneSimulator.Build.0 = Release|Any CPU
		{918F39DA-00B4-4A87-8204-C67EE426DBA4}.AppStore|iPhoneSimulator.Deploy.0 = Release|Any CPU
		{918F39DA-00B4-4A87-8204-C67EE426DBA4}.AppStore|x64.ActiveCfg = Release|Any CPU
		{918F39DA-00B4-4A87-8204-C67EE426DBA4}.AppStore|x64.Build.0 = Release|Any CPU
		{918F39DA-00B4-4A87-8204-C67EE426DBA4}.AppStore|x64.Deploy.0 = Release|Any CPU
		{918F39DA-00B4-4A87-8204-C67EE426DBA4}.AppStore|x86.ActiveCfg = Release|Any CPU
		{918F39DA-00B4-4A87-8204-C67EE426DBA4}.AppStore|x86.Build.0 = Release|Any CPU
		{918F39DA-00B4-4A87-8204-C67EE426DBA4}.AppStore|x86.Deploy.0 = Release|Any CPU
		{918F39DA-00B4-4A87-8204-C67EE426DBA4}.Debug|Any CPU.ActiveCfg = Debug|Any CPU
		{918F39DA-00B4-4A87-8204-C67EE426DBA4}.Debug|Any CPU.Build.0 = Debug|Any CPU
		{918F39DA-00B4-4A87-8204-C67EE426DBA4}.Debug|Any CPU.Deploy.0 = Debug|Any CPU
		{918F39DA-00B4-4A87-8204-C67EE426DBA4}.Debug|ARM.ActiveCfg = Debug|Any CPU
		{918F39DA-00B4-4A87-8204-C67EE426DBA4}.Debug|ARM.Build.0 = Debug|Any CPU
		{918F39DA-00B4-4A87-8204-C67EE426DBA4}.Debug|ARM.Deploy.0 = Debug|Any CPU
		{918F39DA-00B4-4A87-8204-C67EE426DBA4}.Debug|iPhone.ActiveCfg = Debug|Any CPU
		{918F39DA-00B4-4A87-8204-C67EE426DBA4}.Debug|iPhone.Build.0 = Debug|Any CPU
		{918F39DA-00B4-4A87-8204-C67EE426DBA4}.Debug|iPhone.Deploy.0 = Debug|Any CPU
		{918F39DA-00B4-4A87-8204-C67EE426DBA4}.Debug|iPhoneSimulator.ActiveCfg = Debug|Any CPU
		{918F39DA-00B4-4A87-8204-C67EE426DBA4}.Debug|iPhoneSimulator.Build.0 = Debug|Any CPU
		{918F39DA-00B4-4A87-8204-C67EE426DBA4}.Debug|iPhoneSimulator.Deploy.0 = Debug|Any CPU
		{918F39DA-00B4-4A87-8204-C67EE426DBA4}.Debug|x64.ActiveCfg = Debug|Any CPU
		{918F39DA-00B4-4A87-8204-C67EE426DBA4}.Debug|x64.Build.0 = Debug|Any CPU
		{918F39DA-00B4-4A87-8204-C67EE426DBA4}.Debug|x64.Deploy.0 = Debug|Any CPU
		{918F39DA-00B4-4A87-8204-C67EE426DBA4}.Debug|x86.ActiveCfg = Debug|Any CPU
		{918F39DA-00B4-4A87-8204-C67EE426DBA4}.Debug|x86.Build.0 = Debug|Any CPU
		{918F39DA-00B4-4A87-8204-C67EE426DBA4}.Debug|x86.Deploy.0 = Debug|Any CPU
		{918F39DA-00B4-4A87-8204-C67EE426DBA4}.Release|Any CPU.ActiveCfg = Release|Any CPU
		{918F39DA-00B4-4A87-8204-C67EE426DBA4}.Release|Any CPU.Build.0 = Release|Any CPU
		{918F39DA-00B4-4A87-8204-C67EE426DBA4}.Release|Any CPU.Deploy.0 = Release|Any CPU
		{918F39DA-00B4-4A87-8204-C67EE426DBA4}.Release|ARM.ActiveCfg = Release|Any CPU
		{918F39DA-00B4-4A87-8204-C67EE426DBA4}.Release|ARM.Build.0 = Release|Any CPU
		{918F39DA-00B4-4A87-8204-C67EE426DBA4}.Release|ARM.Deploy.0 = Release|Any CPU
		{918F39DA-00B4-4A87-8204-C67EE426DBA4}.Release|iPhone.ActiveCfg = Release|Any CPU
		{918F39DA-00B4-4A87-8204-C67EE426DBA4}.Release|iPhone.Build.0 = Release|Any CPU
		{918F39DA-00B4-4A87-8204-C67EE426DBA4}.Release|iPhone.Deploy.0 = Release|Any CPU
		{918F39DA-00B4-4A87-8204-C67EE426DBA4}.Release|iPhoneSimulator.ActiveCfg = Release|Any CPU
		{918F39DA-00B4-4A87-8204-C67EE426DBA4}.Release|iPhoneSimulator.Build.0 = Release|Any CPU
		{918F39DA-00B4-4A87-8204-C67EE426DBA4}.Release|iPhoneSimulator.Deploy.0 = Release|Any CPU
		{918F39DA-00B4-4A87-8204-C67EE426DBA4}.Release|x64.ActiveCfg = Release|Any CPU
		{918F39DA-00B4-4A87-8204-C67EE426DBA4}.Release|x64.Build.0 = Release|Any CPU
		{918F39DA-00B4-4A87-8204-C67EE426DBA4}.Release|x64.Deploy.0 = Release|Any CPU
		{918F39DA-00B4-4A87-8204-C67EE426DBA4}.Release|x86.ActiveCfg = Release|Any CPU
		{918F39DA-00B4-4A87-8204-C67EE426DBA4}.Release|x86.Build.0 = Release|Any CPU
		{918F39DA-00B4-4A87-8204-C67EE426DBA4}.Release|x86.Deploy.0 = Release|Any CPU
		{B985B527-2E74-4D7E-9994-28C15ECD586E}.Ad-Hoc|Any CPU.ActiveCfg = Ad-Hoc|iPhone
		{B985B527-2E74-4D7E-9994-28C15ECD586E}.Ad-Hoc|ARM.ActiveCfg = Ad-Hoc|iPhone
		{B985B527-2E74-4D7E-9994-28C15ECD586E}.Ad-Hoc|iPhone.ActiveCfg = Ad-Hoc|iPhone
		{B985B527-2E74-4D7E-9994-28C15ECD586E}.Ad-Hoc|iPhone.Build.0 = Ad-Hoc|iPhone
		{B985B527-2E74-4D7E-9994-28C15ECD586E}.Ad-Hoc|iPhoneSimulator.ActiveCfg = Ad-Hoc|iPhoneSimulator
		{B985B527-2E74-4D7E-9994-28C15ECD586E}.Ad-Hoc|iPhoneSimulator.Build.0 = Ad-Hoc|iPhoneSimulator
		{B985B527-2E74-4D7E-9994-28C15ECD586E}.Ad-Hoc|x64.ActiveCfg = Ad-Hoc|iPhone
		{B985B527-2E74-4D7E-9994-28C15ECD586E}.Ad-Hoc|x86.ActiveCfg = Ad-Hoc|iPhone
		{B985B527-2E74-4D7E-9994-28C15ECD586E}.AppStore|Any CPU.ActiveCfg = AppStore|iPhone
		{B985B527-2E74-4D7E-9994-28C15ECD586E}.AppStore|ARM.ActiveCfg = AppStore|iPhone
		{B985B527-2E74-4D7E-9994-28C15ECD586E}.AppStore|iPhone.ActiveCfg = AppStore|iPhone
		{B985B527-2E74-4D7E-9994-28C15ECD586E}.AppStore|iPhone.Build.0 = AppStore|iPhone
		{B985B527-2E74-4D7E-9994-28C15ECD586E}.AppStore|iPhoneSimulator.ActiveCfg = AppStore|iPhoneSimulator
		{B985B527-2E74-4D7E-9994-28C15ECD586E}.AppStore|iPhoneSimulator.Build.0 = AppStore|iPhoneSimulator
		{B985B527-2E74-4D7E-9994-28C15ECD586E}.AppStore|x64.ActiveCfg = AppStore|iPhone
		{B985B527-2E74-4D7E-9994-28C15ECD586E}.AppStore|x86.ActiveCfg = AppStore|iPhone
		{B985B527-2E74-4D7E-9994-28C15ECD586E}.Debug|Any CPU.ActiveCfg = Debug|iPhone
		{B985B527-2E74-4D7E-9994-28C15ECD586E}.Debug|ARM.ActiveCfg = Debug|iPhone
		{B985B527-2E74-4D7E-9994-28C15ECD586E}.Debug|iPhone.ActiveCfg = Debug|iPhone
		{B985B527-2E74-4D7E-9994-28C15ECD586E}.Debug|iPhone.Build.0 = Debug|iPhone
		{B985B527-2E74-4D7E-9994-28C15ECD586E}.Debug|iPhoneSimulator.ActiveCfg = Debug|iPhoneSimulator
		{B985B527-2E74-4D7E-9994-28C15ECD586E}.Debug|iPhoneSimulator.Build.0 = Debug|iPhoneSimulator
		{B985B527-2E74-4D7E-9994-28C15ECD586E}.Debug|x64.ActiveCfg = Debug|iPhone
		{B985B527-2E74-4D7E-9994-28C15ECD586E}.Debug|x86.ActiveCfg = Debug|iPhone
		{B985B527-2E74-4D7E-9994-28C15ECD586E}.Release|Any CPU.ActiveCfg = Release|iPhone
		{B985B527-2E74-4D7E-9994-28C15ECD586E}.Release|ARM.ActiveCfg = Release|iPhone
		{B985B527-2E74-4D7E-9994-28C15ECD586E}.Release|iPhone.ActiveCfg = Release|iPhone
		{B985B527-2E74-4D7E-9994-28C15ECD586E}.Release|iPhone.Build.0 = Release|iPhone
		{B985B527-2E74-4D7E-9994-28C15ECD586E}.Release|iPhoneSimulator.ActiveCfg = Release|iPhoneSimulator
		{B985B527-2E74-4D7E-9994-28C15ECD586E}.Release|iPhoneSimulator.Build.0 = Release|iPhoneSimulator
		{B985B527-2E74-4D7E-9994-28C15ECD586E}.Release|x64.ActiveCfg = Release|iPhone
		{B985B527-2E74-4D7E-9994-28C15ECD586E}.Release|x86.ActiveCfg = Release|iPhone
		{EE96068C-BD05-4B5C-AD47-5873886A9FEF}.Ad-Hoc|Any CPU.ActiveCfg = Release|Any CPU
		{EE96068C-BD05-4B5C-AD47-5873886A9FEF}.Ad-Hoc|Any CPU.Build.0 = Release|Any CPU
		{EE96068C-BD05-4B5C-AD47-5873886A9FEF}.Ad-Hoc|ARM.ActiveCfg = Release|Any CPU
		{EE96068C-BD05-4B5C-AD47-5873886A9FEF}.Ad-Hoc|ARM.Build.0 = Release|Any CPU
		{EE96068C-BD05-4B5C-AD47-5873886A9FEF}.Ad-Hoc|iPhone.ActiveCfg = Release|Any CPU
		{EE96068C-BD05-4B5C-AD47-5873886A9FEF}.Ad-Hoc|iPhone.Build.0 = Release|Any CPU
		{EE96068C-BD05-4B5C-AD47-5873886A9FEF}.Ad-Hoc|iPhoneSimulator.ActiveCfg = Release|Any CPU
		{EE96068C-BD05-4B5C-AD47-5873886A9FEF}.Ad-Hoc|iPhoneSimulator.Build.0 = Release|Any CPU
		{EE96068C-BD05-4B5C-AD47-5873886A9FEF}.Ad-Hoc|x64.ActiveCfg = Release|Any CPU
		{EE96068C-BD05-4B5C-AD47-5873886A9FEF}.Ad-Hoc|x64.Build.0 = Release|Any CPU
		{EE96068C-BD05-4B5C-AD47-5873886A9FEF}.Ad-Hoc|x86.ActiveCfg = Release|Any CPU
		{EE96068C-BD05-4B5C-AD47-5873886A9FEF}.Ad-Hoc|x86.Build.0 = Release|Any CPU
		{EE96068C-BD05-4B5C-AD47-5873886A9FEF}.AppStore|Any CPU.ActiveCfg = Release|Any CPU
		{EE96068C-BD05-4B5C-AD47-5873886A9FEF}.AppStore|Any CPU.Build.0 = Release|Any CPU
		{EE96068C-BD05-4B5C-AD47-5873886A9FEF}.AppStore|ARM.ActiveCfg = Release|Any CPU
		{EE96068C-BD05-4B5C-AD47-5873886A9FEF}.AppStore|ARM.Build.0 = Release|Any CPU
		{EE96068C-BD05-4B5C-AD47-5873886A9FEF}.AppStore|iPhone.ActiveCfg = Release|Any CPU
		{EE96068C-BD05-4B5C-AD47-5873886A9FEF}.AppStore|iPhone.Build.0 = Release|Any CPU
		{EE96068C-BD05-4B5C-AD47-5873886A9FEF}.AppStore|iPhoneSimulator.ActiveCfg = Release|Any CPU
		{EE96068C-BD05-4B5C-AD47-5873886A9FEF}.AppStore|iPhoneSimulator.Build.0 = Release|Any CPU
		{EE96068C-BD05-4B5C-AD47-5873886A9FEF}.AppStore|x64.ActiveCfg = Release|Any CPU
		{EE96068C-BD05-4B5C-AD47-5873886A9FEF}.AppStore|x64.Build.0 = Release|Any CPU
		{EE96068C-BD05-4B5C-AD47-5873886A9FEF}.AppStore|x86.ActiveCfg = Release|Any CPU
		{EE96068C-BD05-4B5C-AD47-5873886A9FEF}.AppStore|x86.Build.0 = Release|Any CPU
		{EE96068C-BD05-4B5C-AD47-5873886A9FEF}.Debug|Any CPU.ActiveCfg = Debug|Any CPU
		{EE96068C-BD05-4B5C-AD47-5873886A9FEF}.Debug|Any CPU.Build.0 = Debug|Any CPU
		{EE96068C-BD05-4B5C-AD47-5873886A9FEF}.Debug|ARM.ActiveCfg = Debug|Any CPU
		{EE96068C-BD05-4B5C-AD47-5873886A9FEF}.Debug|ARM.Build.0 = Debug|Any CPU
		{EE96068C-BD05-4B5C-AD47-5873886A9FEF}.Debug|iPhone.ActiveCfg = Debug|Any CPU
		{EE96068C-BD05-4B5C-AD47-5873886A9FEF}.Debug|iPhone.Build.0 = Debug|Any CPU
		{EE96068C-BD05-4B5C-AD47-5873886A9FEF}.Debug|iPhoneSimulator.ActiveCfg = Debug|Any CPU
		{EE96068C-BD05-4B5C-AD47-5873886A9FEF}.Debug|iPhoneSimulator.Build.0 = Debug|Any CPU
		{EE96068C-BD05-4B5C-AD47-5873886A9FEF}.Debug|x64.ActiveCfg = Debug|Any CPU
		{EE96068C-BD05-4B5C-AD47-5873886A9FEF}.Debug|x64.Build.0 = Debug|Any CPU
		{EE96068C-BD05-4B5C-AD47-5873886A9FEF}.Debug|x86.ActiveCfg = Debug|Any CPU
		{EE96068C-BD05-4B5C-AD47-5873886A9FEF}.Debug|x86.Build.0 = Debug|Any CPU
		{EE96068C-BD05-4B5C-AD47-5873886A9FEF}.Release|Any CPU.ActiveCfg = Release|Any CPU
		{EE96068C-BD05-4B5C-AD47-5873886A9FEF}.Release|Any CPU.Build.0 = Release|Any CPU
		{EE96068C-BD05-4B5C-AD47-5873886A9FEF}.Release|ARM.ActiveCfg = Release|Any CPU
		{EE96068C-BD05-4B5C-AD47-5873886A9FEF}.Release|ARM.Build.0 = Release|Any CPU
		{EE96068C-BD05-4B5C-AD47-5873886A9FEF}.Release|iPhone.ActiveCfg = Release|Any CPU
		{EE96068C-BD05-4B5C-AD47-5873886A9FEF}.Release|iPhone.Build.0 = Release|Any CPU
		{EE96068C-BD05-4B5C-AD47-5873886A9FEF}.Release|iPhoneSimulator.ActiveCfg = Release|Any CPU
		{EE96068C-BD05-4B5C-AD47-5873886A9FEF}.Release|iPhoneSimulator.Build.0 = Release|Any CPU
		{EE96068C-BD05-4B5C-AD47-5873886A9FEF}.Release|x64.ActiveCfg = Release|Any CPU
		{EE96068C-BD05-4B5C-AD47-5873886A9FEF}.Release|x64.Build.0 = Release|Any CPU
		{EE96068C-BD05-4B5C-AD47-5873886A9FEF}.Release|x86.ActiveCfg = Release|Any CPU
		{EE96068C-BD05-4B5C-AD47-5873886A9FEF}.Release|x86.Build.0 = Release|Any CPU
	EndGlobalSection
	GlobalSection(SolutionProperties) = preSolution
		HideSolutionNode = FALSE
	EndGlobalSection
EndGlobal
